
Microsoft Visual Studio Solution File, Format Version 12.00
# Visual Studio Version 17
VisualStudioVersion = 17.6.33829.357
MinimumVisualStudioVersion = 10.0.40219.1
Project("{FAE04EC0-301F-11D3-BF4B-00C04F79EFBC}") = "DiSUcord.Server", "DiSUcord.Server\DiSUcord.Server.csproj", "{D3AED0FB-DF6D-451E-90A8-8902F1CC243C}"
EndProject
Global
	GlobalSection(SolutionConfigurationPlatforms) = preSolution
		Debug|Any CPU = Debug|Any CPU
		Release|Any CPU = Release|Any CPU
	EndGlobalSection
	GlobalSection(ProjectConfigurationPlatforms) = postSolution
		{D3AED0FB-DF6D-451E-90A8-8902F1CC243C}.Debug|Any CPU.ActiveCfg = Debug|Any CPU
		{D3AED0FB-DF6D-451E-90A8-8902F1CC243C}.Debug|Any CPU.Build.0 = Debug|Any CPU
		{D3AED0FB-DF6D-451E-90A8-8902F1CC243C}.Release|Any CPU.ActiveCfg = Release|Any CPU
		{D3AED0FB-DF6D-451E-90A8-8902F1CC243C}.Release|Any CPU.Build.0 = Release|Any CPU
	EndGlobalSection
	GlobalSection(SolutionProperties) = preSolution
		HideSolutionNode = FALSE
	EndGlobalSection
	GlobalSection(ExtensibilityGlobals) = postSolution
		SolutionGuid = {084549BD-E842-4281-9D2C-929D667212DE}
	EndGlobalSection
EndGlobal
